
Microsoft Visual Studio Solution File, Format Version 12.00
# Visual Studio Version 17
VisualStudioVersion = 17.3.32929.385
MinimumVisualStudioVersion = 10.0.40219.1
Project("{FAE04EC0-301F-11D3-BF4B-00C04F79EFBC}") = "StudentRecords", "StudentRecords\StudentRecords.csproj", "{775CF9D1-6BF6-4D59-812A-D93AB4DE080B}"
EndProject
Project("{FAE04EC0-301F-11D3-BF4B-00C04F79EFBC}") = "StudentConsumer", "StudentConsumer\StudentConsumer.csproj", "{A03D81B1-3539-48B8-ACFC-DA179032FBDA}"
EndProject
Global
	GlobalSection(SolutionConfigurationPlatforms) = preSolution
		Debug|Any CPU = Debug|Any CPU
		Release|Any CPU = Release|Any CPU
	EndGlobalSection
	GlobalSection(ProjectConfigurationPlatforms) = postSolution
		{775CF9D1-6BF6-4D59-812A-D93AB4DE080B}.Debug|Any CPU.ActiveCfg = Debug|Any CPU
		{775CF9D1-6BF6-4D59-812A-D93AB4DE080B}.Debug|Any CPU.Build.0 = Debug|Any CPU
		{775CF9D1-6BF6-4D59-812A-D93AB4DE080B}.Release|Any CPU.ActiveCfg = Release|Any CPU
		{775CF9D1-6BF6-4D59-812A-D93AB4DE080B}.Release|Any CPU.Build.0 = Release|Any CPU
		{A03D81B1-3539-48B8-ACFC-DA179032FBDA}.Debug|Any CPU.ActiveCfg = Debug|Any CPU
		{A03D81B1-3539-48B8-ACFC-DA179032FBDA}.Debug|Any CPU.Build.0 = Debug|Any CPU
		{A03D81B1-3539-48B8-ACFC-DA179032FBDA}.Release|Any CPU.ActiveCfg = Release|Any CPU
		{A03D81B1-3539-48B8-ACFC-DA179032FBDA}.Release|Any CPU.Build.0 = Release|Any CPU
	EndGlobalSection
	GlobalSection(SolutionProperties) = preSolution
		HideSolutionNode = FALSE
	EndGlobalSection
	GlobalSection(ExtensibilityGlobals) = postSolution
		SolutionGuid = {A33A514D-CB20-47F8-9450-F2F4E6CBBCCA}
	EndGlobalSection
EndGlobal
